
Microsoft Visual Studio Solution File, Format Version 12.00
# Visual Studio Version 17
VisualStudioVersion = 17.5.002.0
MinimumVisualStudioVersion = 10.0.40219.1
Project("{9A19103F-16F7-4668-BE54-9A1E7A4F7556}") = "ConsoleApp1", "fragesport\ConsoleApp1.csproj", "{618E9F3D-708E-45D5-99CB-9E9A62A9D723}"
EndProject
Global
	GlobalSection(SolutionConfigurationPlatforms) = preSolution
		Debug|Any CPU = Debug|Any CPU
		Release|Any CPU = Release|Any CPU
	EndGlobalSection
	GlobalSection(ProjectConfigurationPlatforms) = postSolution
		{618E9F3D-708E-45D5-99CB-9E9A62A9D723}.Debug|Any CPU.ActiveCfg = Debug|Any CPU
		{618E9F3D-708E-45D5-99CB-9E9A62A9D723}.Debug|Any CPU.Build.0 = Debug|Any CPU
		{618E9F3D-708E-45D5-99CB-9E9A62A9D723}.Release|Any CPU.ActiveCfg = Release|Any CPU
		{618E9F3D-708E-45D5-99CB-9E9A62A9D723}.Release|Any CPU.Build.0 = Release|Any CPU
	EndGlobalSection
	GlobalSection(SolutionProperties) = preSolution
		HideSolutionNode = FALSE
	EndGlobalSection
	GlobalSection(ExtensibilityGlobals) = postSolution
		SolutionGuid = {55AE9007-8E9C-470F-8542-30A90125DEAE}
	EndGlobalSection
EndGlobal
